
Microsoft Visual Studio Solution File, Format Version 12.00
# Visual Studio Version 17
VisualStudioVersion = 17.1.32210.238
MinimumVisualStudioVersion = 10.0.40219.1
Project("{FAE04EC0-301F-11D3-BF4B-00C04F79EFBC}") = "SanaHomeWork1", "SanaHomeWork1\SanaHomeWork1.csproj", "{BDBAFABF-5A61-46E6-B6B7-1CA861B45CF2}"
EndProject
Global
	GlobalSection(SolutionConfigurationPlatforms) = preSolution
		Debug|Any CPU = Debug|Any CPU
		Release|Any CPU = Release|Any CPU
	EndGlobalSection
	GlobalSection(ProjectConfigurationPlatforms) = postSolution
		{BDBAFABF-5A61-46E6-B6B7-1CA861B45CF2}.Debug|Any CPU.ActiveCfg = Debug|Any CPU
		{BDBAFABF-5A61-46E6-B6B7-1CA861B45CF2}.Debug|Any CPU.Build.0 = Debug|Any CPU
		{BDBAFABF-5A61-46E6-B6B7-1CA861B45CF2}.Release|Any CPU.ActiveCfg = Release|Any CPU
		{BDBAFABF-5A61-46E6-B6B7-1CA861B45CF2}.Release|Any CPU.Build.0 = Release|Any CPU
	EndGlobalSection
	GlobalSection(SolutionProperties) = preSolution
		HideSolutionNode = FALSE
	EndGlobalSection
	GlobalSection(ExtensibilityGlobals) = postSolution
		SolutionGuid = {AF164936-7998-46F7-BFA0-2132E3D27F43}
	EndGlobalSection
EndGlobal
